
Microsoft Visual Studio Solution File, Format Version 12.00
# Visual Studio 2013
VisualStudioVersion = 12.0.31101.0
MinimumVisualStudioVersion = 10.0.40219.1
Project("{8BC9CEB8-8B4A-11D0-8D11-00A0C91BC942}") = "ImageLabelingManager", "ImageLabelingManager\ImageLabelingManager.vcxproj", "{75B92381-44C3-4321-8147-F0039133DA92}"
EndProject
Project("{8BC9CEB8-8B4A-11D0-8D11-00A0C91BC942}") = "ManagedILM", "ManagedILM\ManagedILM.vcxproj", "{3078A5C1-3FFF-4AD6-A658-480C0C175D55}"
EndProject
Project("{8BC9CEB8-8B4A-11D0-8D11-00A0C91BC942}") = "PythonILM", "PythonILM\PythonILM.vcxproj", "{BD5CB0F3-9061-42A3-9ECF-CDA9B160AA17}"
EndProject
Global
	GlobalSection(SolutionConfigurationPlatforms) = preSolution
		Debug|Win32 = Debug|Win32
		Release|Win32 = Release|Win32
	EndGlobalSection
	GlobalSection(ProjectConfigurationPlatforms) = postSolution
		{75B92381-44C3-4321-8147-F0039133DA92}.Debug|Win32.ActiveCfg = Debug|Win32
		{75B92381-44C3-4321-8147-F0039133DA92}.Debug|Win32.Build.0 = Debug|Win32
		{75B92381-44C3-4321-8147-F0039133DA92}.Release|Win32.ActiveCfg = Release|Win32
		{75B92381-44C3-4321-8147-F0039133DA92}.Release|Win32.Build.0 = Release|Win32
		{3078A5C1-3FFF-4AD6-A658-480C0C175D55}.Debug|Win32.ActiveCfg = Debug|Win32
		{3078A5C1-3FFF-4AD6-A658-480C0C175D55}.Debug|Win32.Build.0 = Debug|Win32
		{3078A5C1-3FFF-4AD6-A658-480C0C175D55}.Release|Win32.ActiveCfg = Release|Win32
		{3078A5C1-3FFF-4AD6-A658-480C0C175D55}.Release|Win32.Build.0 = Release|Win32
		{BD5CB0F3-9061-42A3-9ECF-CDA9B160AA17}.Debug|Win32.ActiveCfg = Debug|Win32
		{BD5CB0F3-9061-42A3-9ECF-CDA9B160AA17}.Debug|Win32.Build.0 = Debug|Win32
		{BD5CB0F3-9061-42A3-9ECF-CDA9B160AA17}.Release|Win32.ActiveCfg = Release|Win32
		{BD5CB0F3-9061-42A3-9ECF-CDA9B160AA17}.Release|Win32.Build.0 = Release|Win32
	EndGlobalSection
	GlobalSection(SolutionProperties) = preSolution
		HideSolutionNode = FALSE
	EndGlobalSection
EndGlobal
